# THIS IS AN AUTOGENERATED FILE. DO NOT EDIT THIS FILE DIRECTLY.
# yarn lockfile v1


"@sentry/cli@^1.49.0":
  version "1.49.0"
  resolved "https://registry.yarnpkg.com/@sentry/cli/-/cli-1.49.0.tgz#174152978acbe6023986a8fb0b247cf58b4653d8"
  integrity sha512-Augz7c42Cxz/xWQ/NOVjUGePKVA370quvskWbCICMUwxcTvKnCLI+7KDdzEoCexj4MSuxFfBzLnrrn4w2+c9TQ==
  dependencies:
    fs-copy-file-sync "^1.1.1"
    https-proxy-agent "^3.0.0"
    mkdirp "^0.5.1"
    node-fetch "^2.1.2"
    progress "2.0.0"
    proxy-from-env "^1.0.0"

"@sentry/webpack-plugin@^1.10.0":
  version "1.10.0"
  resolved "https://registry.yarnpkg.com/@sentry/webpack-plugin/-/webpack-plugin-1.10.0.tgz#7f7727b18dbdd3eaeb0998102be89d8733ddbca5"
  integrity sha512-keT6cH8732bFjdH/v+C/UwbJu6byZ5L8t7QRLjgj+fqDyc/RlVEw9VzIQSJGUtd2XgImpdduWzgxythLkwKJjg==
  dependencies:
    "@sentry/cli" "^1.49.0"

agent-base@^4.3.0:
  version "4.3.0"
  resolved "https://registry.yarnpkg.com/agent-base/-/agent-base-4.3.0.tgz#8165f01c436009bccad0b1d122f05ed770efc6ee"
  integrity sha512-salcGninV0nPrwpGNn4VTXBb1SOuXQBiqbrNXoeizJsHrsL6ERFM2Ne3JUSBWRE6aeNJI2ROP/WEEIDUiDe3cg==
  dependencies:
    es6-promisify "^5.0.0"

debug@^3.1.0:
  version "3.2.6"
  resolved "https://registry.yarnpkg.com/debug/-/debug-3.2.6.tgz#e83d17de16d8a7efb7717edbe5fb10135eee629b"
  integrity sha512-mel+jf7nrtEl5Pn1Qx46zARXKDpBbvzezse7p7LqINmdoIk8PYP5SySaxEmYv6TZ0JyEKA1hsCId6DIhgITtWQ==
  dependencies:
    ms "^2.1.1"

es6-promise@^4.0.3:
  version "4.2.8"
  resolved "https://registry.yarnpkg.com/es6-promise/-/es6-promise-4.2.8.tgz#4eb21594c972bc40553d276e510539143db53e0a"
  integrity sha512-HJDGx5daxeIvxdBxvG2cb9g4tEvwIk3i8+nhX0yGrYmZUzbkdg8QbDevheDB8gd0//uPj4c1EQua8Q+MViT0/w==

es6-promisify@^5.0.0:
  version "5.0.0"
  resolved "https://registry.yarnpkg.com/es6-promisify/-/es6-promisify-5.0.0.tgz#5109d62f3e56ea967c4b63505aef08291c8a5203"
  integrity sha1-UQnWLz5W6pZ8S2NQWu8IKRyKUgM=
  dependencies:
    es6-promise "^4.0.3"

fs-copy-file-sync@^1.1.1:
  version "1.1.1"
  resolved "https://registry.yarnpkg.com/fs-copy-file-sync/-/fs-copy-file-sync-1.1.1.tgz#11bf32c096c10d126e5f6b36d06eece776062918"
  integrity sha512-2QY5eeqVv4m2PfyMiEuy9adxNP+ajf+8AR05cEi+OAzPcOj90hvFImeZhTmKLBgSd9EvG33jsD7ZRxsx9dThkQ==

https-proxy-agent@^3.0.0:
  version "3.0.1"
  resolved "https://registry.yarnpkg.com/https-proxy-agent/-/https-proxy-agent-3.0.1.tgz#b8c286433e87602311b01c8ea34413d856a4af81"
  integrity sha512-+ML2Rbh6DAuee7d07tYGEKOEi2voWPUGan+ExdPbPW6Z3svq+JCqr0v8WmKPOkz1vOVykPCBSuobe7G8GJUtVg==
  dependencies:
    agent-base "^4.3.0"
    debug "^3.1.0"

minimist@0.0.8:
  version "0.0.8"
  resolved "https://registry.yarnpkg.com/minimist/-/minimist-0.0.8.tgz#857fcabfc3397d2625b8228262e86aa7a011b05d"
  integrity sha1-hX/Kv8M5fSYluCKCYuhqp6ARsF0=

mkdirp@^0.5.1:
  version "0.5.1"
  resolved "https://registry.yarnpkg.com/mkdirp/-/mkdirp-0.5.1.tgz#30057438eac6cf7f8c4767f38648d6697d75c903"
  integrity sha1-MAV0OOrGz3+MR2fzhkjWaX11yQM=
  dependencies:
    minimist "0.0.8"

ms@^2.1.1:
  version "2.1.2"
  resolved "https://registry.yarnpkg.com/ms/-/ms-2.1.2.tgz#d09d1f357b443f493382a8eb3ccd183872ae6009"
  integrity sha512-sGkPx+VjMtmA6MX27oA4FBFELFCZZ4S4XqeGOXCv68tT+jb3vk/RyaKWP0PTKyWtmLSM0b+adUTEvbs1PEaH2w==

node-fetch@^2.1.2:
  version "2.6.1"
  resolved "https://registry.yarnpkg.com/node-fetch/-/node-fetch-2.6.1.tgz#045bd323631f76ed2e2b55573394416b639a0052"
  integrity sha512-V4aYg89jEoVRxRb2fJdAg8FHvI7cEyYdVAh94HH0UIK8oJxUfkjlDQN9RbMx+bEjP7+ggMiFRprSti032Oipxw==

progress@2.0.0:
  version "2.0.0"
  resolved "https://registry.yarnpkg.com/progress/-/progress-2.0.0.tgz#8a1be366bf8fc23db2bd23f10c6fe920b4389d1f"
  integrity sha1-ihvjZr+Pwj2yvSPxDG/pILQ4nR8=

proxy-from-env@^1.0.0:
  version "1.0.0"
  resolved "https://registry.yarnpkg.com/proxy-from-env/-/proxy-from-env-1.0.0.tgz#33c50398f70ea7eb96d21f7b817630a55791c7ee"
  integrity sha1-M8UDmPcOp+uW0h97gXYwpVeRx+4=
